{
  "name": "to-error",
  "version": "1.0.3",
  "lockfileVersion": 1,
  "requires": true,
  "dependencies": {
    "@types/json-stringify-safe": {
      "version": "5.0.0",
      "resolved": "https://registry.npmjs.org/@types/json-stringify-safe/-/json-stringify-safe-5.0.0.tgz",
      "integrity": "sha512-UUA1sH0RSRROdInuDOA1yoRzbi5xVFD1RHCoOvNRPTNwR8zBkJ/84PZ6NhKVDtKp0FTeIccJCdQz1X2aJPr4uw==",
      "dev": true
    },
    "@types/node": {
      "version": "13.13.17",
      "resolved": "https://registry.npmjs.org/@types/node/-/node-13.13.17.tgz",
      "integrity": "sha512-rGZftvdDpsYtG/rOlDOwny1f6Aq4FHJdGSVfPg5vC2DaR9Rt4W2OpsOF5GTU2bSqZmwTkfnsvJhhzpMWYxxlEA==",
      "dev": true
    },
    "json-stringify-safe": {
      "version": "5.0.1",
      "resolved": "https://registry.npmjs.org/json-stringify-safe/-/json-stringify-safe-5.0.1.tgz",
      "integrity": "sha1-Epai1Y/UXxmg9s4B1lcB4sc1tus="
    },
    "typescript": {
      "version": "3.9.7",
      "resolved": "https://registry.npmjs.org/typescript/-/typescript-3.9.7.tgz",
      "integrity": "sha512-BLbiRkiBzAwsjut4x/dsibSTB6yWpwT5qWmC2OfuCg3GgVQCSgMs4vEctYPhsaGtd0AeuuHMkjZ2h2WG8MSzRw==",
      "dev": true
    }
  }
}
